// !$*UTF8*$!
{
	archiveVersion = 1;
	classes = {
	};
	objectVersion = 55;
	objects = {

/* Begin PBXBuildFile section */
		E4C2681F286BE0F9004193F2 /* AppDelegate.swift in Sources */ = {isa = PBXBuildFile; fileRef = E4C2681E286BE0F9004193F2 /* AppDelegate.swift */; };
		E4C26821286BE0F9004193F2 /* SceneDelegate.swift in Sources */ = {isa = PBXBuildFile; fileRef = E4C26820286BE0F9004193F2 /* SceneDelegate.swift */; };
		E4C26823286BE0F9004193F2 /* ViewController.swift in Sources */ = {isa = PBXBuildFile; fileRef = E4C26822286BE0F9004193F2 /* ViewController.swift */; };
		E4C26828286BE0FC004193F2 /* Assets.xcassets in Resources */ = {isa = PBXBuildFile; fileRef = E4C26827286BE0FC004193F2 /* Assets.xcassets */; };
		E4C2682B286BE0FC004193F2 /* LaunchScreen.storyboard in Resources */ = {isa = PBXBuildFile; fileRef = E4C26829286BE0FC004193F2 /* LaunchScreen.storyboard */; };
		E4C26836286BE0FC004193F2 /* Preview_VideoTests.swift in Sources */ = {isa = PBXBuildFile; fileRef = E4C26835286BE0FC004193F2 /* Preview_VideoTests.swift */; };
		E4C26840286BE0FC004193F2 /* Preview_VideoUITests.swift in Sources */ = {isa = PBXBuildFile; fileRef = E4C2683F286BE0FC004193F2 /* Preview_VideoUITests.swift */; };
		E4C26842286BE0FC004193F2 /* Preview_VideoUITestsLaunchTests.swift in Sources */ = {isa = PBXBuildFile; fileRef = E4C26841286BE0FC004193F2 /* Preview_VideoUITestsLaunchTests.swift */; };
		E4C2684F286BE56A004193F2 /* ViewController.xib in Resources */ = {isa = PBXBuildFile; fileRef = E4C2684E286BE56A004193F2 /* ViewController.xib */; };
		E4C26852286BE736004193F2 /* PreviewVideoViewController.swift in Sources */ = {isa = PBXBuildFile; fileRef = E4C26850286BE736004193F2 /* PreviewVideoViewController.swift */; };
		E4C26853286BE736004193F2 /* PreviewVideoViewController.xib in Resources */ = {isa = PBXBuildFile; fileRef = E4C26851286BE736004193F2 /* PreviewVideoViewController.xib */; };
		E4C26855286BF3FA004193F2 /* PHAssetExtension.swift in Sources */ = {isa = PBXBuildFile; fileRef = E4C26854286BF3FA004193F2 /* PHAssetExtension.swift */; };
		E4C26857286C2D7D004193F2 /* UISliderExtension.swift in Sources */ = {isa = PBXBuildFile; fileRef = E4C26856286C2D7D004193F2 /* UISliderExtension.swift */; };
/* End PBXBuildFile section */

/* Begin PBXContainerItemProxy section */
		E4C26832286BE0FC004193F2 /* PBXContainerItemProxy */ = {
			isa = PBXContainerItemProxy;
			containerPortal = E4C26813286BE0F9004193F2 /* Project object */;
			proxyType = 1;
			remoteGlobalIDString = E4C2681A286BE0F9004193F2;
			remoteInfo = "Preview Video";
		};
		E4C2683C286BE0FC004193F2 /* PBXContainerItemProxy */ = {
			isa = PBXContainerItemProxy;
			containerPortal = E4C26813286BE0F9004193F2 /* Project object */;
			proxyType = 1;
			remoteGlobalIDString = E4C2681A286BE0F9004193F2;
			remoteInfo = "Preview Video";
		};
/* End PBXContainerItemProxy section */

/* Begin PBXFileReference section */
		E4C2681B286BE0F9004193F2 /* Preview Video.app */ = {isa = PBXFileReference; explicitFileType = wrapper.application; includeInIndex = 0; path = "Preview Video.app"; sourceTree = BUILT_PRODUCTS_DIR; };
		E4C2681E286BE0F9004193F2 /* AppDelegate.swift */ = {isa = PBXFileReference; lastKnownFileType = sourcecode.swift; path = AppDelegate.swift; sourceTree = "<group>"; };
		E4C26820286BE0F9004193F2 /* SceneDelegate.swift */ = {isa = PBXFileReference; lastKnownFileType = sourcecode.swift; path = SceneDelegate.swift; sourceTree = "<group>"; };
		E4C26822286BE0F9004193F2 /* ViewController.swift */ = {isa = PBXFileReference; lastKnownFileType = sourcecode.swift; path = ViewController.swift; sourceTree = "<group>"; };
		E4C26827286BE0FC004193F2 /* Assets.xcassets */ = {isa = PBXFileReference; lastKnownFileType = folder.assetcatalog; path = Assets.xcassets; sourceTree = "<group>"; };
		E4C2682A286BE0FC004193F2 /* Base */ = {isa = PBXFileReference; lastKnownFileType = file.storyboard; name = Base; path = Base.lproj/LaunchScreen.storyboard; sourceTree = "<group>"; };
		E4C2682C286BE0FC004193F2 /* Info.plist */ = {isa = PBXFileReference; lastKnownFileType = text.plist.xml; path = Info.plist; sourceTree = "<group>"; };
		E4C26831286BE0FC004193F2 /* Preview VideoTests.xctest */ = {isa = PBXFileReference; explicitFileType = wrapper.cfbundle; includeInIndex = 0; path = "Preview VideoTests.xctest"; sourceTree = BUILT_PRODUCTS_DIR; };
		E4C26835286BE0FC004193F2 /* Preview_VideoTests.swift */ = {isa = PBXFileReference; lastKnownFileType = sourcecode.swift; path = Preview_VideoTests.swift; sourceTree = "<group>"; };
		E4C2683B286BE0FC004193F2 /* Preview VideoUITests.xctest */ = {isa = PBXFileReference; explicitFileType = wrapper.cfbundle; includeInIndex = 0; path = "Preview VideoUITests.xctest"; sourceTree = BUILT_PRODUCTS_DIR; };
		E4C2683F286BE0FC004193F2 /* Preview_VideoUITests.swift */ = {isa = PBXFileReference; lastKnownFileType = sourcecode.swift; path = Preview_VideoUITests.swift; sourceTree = "<group>"; };
		E4C26841286BE0FC004193F2 /* Preview_VideoUITestsLaunchTests.swift */ = {isa = PBXFileReference; lastKnownFileType = sourcecode.swift; path = Preview_VideoUITestsLaunchTests.swift; sourceTree = "<group>"; };
		E4C2684E286BE56A004193F2 /* ViewController.xib */ = {isa = PBXFileReference; lastKnownFileType = file.xib; path = ViewController.xib; sourceTree = "<group>"; };
		E4C26850286BE736004193F2 /* PreviewVideoViewController.swift */ = {isa = PBXFileReference; lastKnownFileType = sourcecode.swift; path = PreviewVideoViewController.swift; sourceTree = "<group>"; };
		E4C26851286BE736004193F2 /* PreviewVideoViewController.xib */ = {isa = PBXFileReference; lastKnownFileType = file.xib; path = PreviewVideoViewController.xib; sourceTree = "<group>"; };
		E4C26854286BF3FA004193F2 /* PHAssetExtension.swift */ = {isa = PBXFileReference; lastKnownFileType = sourcecode.swift; path = PHAssetExtension.swift; sourceTree = "<group>"; };
		E4C26856286C2D7D004193F2 /* UISliderExtension.swift */ = {isa = PBXFileReference; lastKnownFileType = sourcecode.swift; path = UISliderExtension.swift; sourceTree = "<group>"; };
/* End PBXFileReference section */

/* Begin PBXFrameworksBuildPhase section */
		E4C26818286BE0F9004193F2 /* Frameworks */ = {
			isa = PBXFrameworksBuildPhase;
			buildActionMask = 2147483647;
			files = (
			);
			runOnlyForDeploymentPostprocessing = 0;
		};
		E4C2682E286BE0FC004193F2 /* Frameworks */ = {
			isa = PBXFrameworksBuildPhase;
			buildActionMask = 2147483647;
			files = (
			);
			runOnlyForDeploymentPostprocessing = 0;
		};
		E4C26838286BE0FC004193F2 /* Frameworks */ = {
			isa = PBXFrameworksBuildPhase;
			buildActionMask = 2147483647;
			files = (
			);
			runOnlyForDeploymentPostprocessing = 0;
		};
/* End PBXFrameworksBuildPhase section */

/* Begin PBXGroup section */
		E4C26812286BE0F9004193F2 = {
			isa = PBXGroup;
			children = (
				E4C2681D286BE0F9004193F2 /* Preview Video */,
				E4C26834286BE0FC004193F2 /* Preview VideoTests */,
				E4C2683E286BE0FC004193F2 /* Preview VideoUITests */,
				E4C2681C286BE0F9004193F2 /* Products */,
			);
			sourceTree = "<group>";
		};
		E4C2681C286BE0F9004193F2 /* Products */ = {
			isa = PBXGroup;
			children = (
				E4C2681B286BE0F9004193F2 /* Preview Video.app */,
				E4C26831286BE0FC004193F2 /* Preview VideoTests.xctest */,
				E4C2683B286BE0FC004193F2 /* Preview VideoUITests.xctest */,
			);
			name = Products;
			sourceTree = "<group>";
		};
		E4C2681D286BE0F9004193F2 /* Preview Video */ = {
			isa = PBXGroup;
			children = (
				E4C2681E286BE0F9004193F2 /* AppDelegate.swift */,
				E4C26820286BE0F9004193F2 /* SceneDelegate.swift */,
				E4C26822286BE0F9004193F2 /* ViewController.swift */,
				E4C2684E286BE56A004193F2 /* ViewController.xib */,
				E4C26850286BE736004193F2 /* PreviewVideoViewController.swift */,
				E4C26851286BE736004193F2 /* PreviewVideoViewController.xib */,
				E4C26854286BF3FA004193F2 /* PHAssetExtension.swift */,
				E4C26856286C2D7D004193F2 /* UISliderExtension.swift */,
				E4C26827286BE0FC004193F2 /* Assets.xcassets */,
				E4C26829286BE0FC004193F2 /* LaunchScreen.storyboard */,
				E4C2682C286BE0FC004193F2 /* Info.plist */,
			);
			path = "Preview Video";
			sourceTree = "<group>";
		};
		E4C26834286BE0FC004193F2 /* Preview VideoTests */ = {
			isa = PBXGroup;
			children = (
				E4C26835286BE0FC004193F2 /* Preview_VideoTests.swift */,
			);
			path = "Preview VideoTests";
			sourceTree = "<group>";
		};
		E4C2683E286BE0FC004193F2 /* Preview VideoUITests */ = {
			isa = PBXGroup;
			children = (
				E4C2683F286BE0FC004193F2 /* Preview_VideoUITests.swift */,
				E4C26841286BE0FC004193F2 /* Preview_VideoUITestsLaunchTests.swift */,
			);
			path = "Preview VideoUITests";
			sourceTree = "<group>";
		};
/* End PBXGroup section */

/* Begin PBXNativeTarget section */
		E4C2681A286BE0F9004193F2 /* Preview Video */ = {
			isa = PBXNativeTarget;
			buildConfigurationList = E4C26845286BE0FC004193F2 /* Build configuration list for PBXNativeTarget "Preview Video" */;
			buildPhases = (
				E4C26817286BE0F9004193F2 /* Sources */,
				E4C26818286BE0F9004193F2 /* Frameworks */,
				E4C26819286BE0F9004193F2 /* Resources */,
			);
			buildRules = (
			);
			dependencies = (
			);
			name = "Preview Video";
			productName = "Preview Video";
			productReference = E4C2681B286BE0F9004193F2 /* Preview Video.app */;
			productType = "com.apple.product-type.application";
		};
		E4C26830286BE0FC004193F2 /* Preview VideoTests */ = {
			isa = PBXNativeTarget;
			buildConfigurationList = E4C26848286BE0FC004193F2 /* Build configuration list for PBXNativeTarget "Preview VideoTests" */;
			buildPhases = (
				E4C2682D286BE0FC004193F2 /* Sources */,
				E4C2682E286BE0FC004193F2 /* Frameworks */,
				E4C2682F286BE0FC004193F2 /* Resources */,
			);
			buildRules = (
			);
			dependencies = (
				E4C26833286BE0FC004193F2 /* PBXTargetDependency */,
			);
			name = "Preview VideoTests";
			productName = "Preview VideoTests";
			productReference = E4C26831286BE0FC004193F2 /* Preview VideoTests.xctest */;
			productType = "com.apple.product-type.bundle.unit-test";
		};
		E4C2683A286BE0FC004193F2 /* Preview VideoUITests */ = {
			isa = PBXNativeTarget;
			buildConfigurationList = E4C2684B286BE0FC004193F2 /* Build configuration list for PBXNativeTarget "Preview VideoUITests" */;
			buildPhases = (
				E4C26837286BE0FC004193F2 /* Sources */,
				E4C26838286BE0FC004193F2 /* Frameworks */,
				E4C26839286BE0FC004193F2 /* Resources */,
			);
			buildRules = (
			);
			dependencies = (
				E4C2683D286BE0FC004193F2 /* PBXTargetDependency */,
			);
			name = "Preview VideoUITests";
			productName = "Preview VideoUITests";
			productReference = E4C2683B286BE0FC004193F2 /* Preview VideoUITests.xctest */;
			productType = "com.apple.product-type.bundle.ui-testing";
		};
/* End PBXNativeTarget section */

/* Begin PBXProject section */
		E4C26813286BE0F9004193F2 /* Project object */ = {
			isa = PBXProject;
			attributes = {
				BuildIndependentTargetsInParallel = 1;
				LastSwiftUpdateCheck = 1340;
				LastUpgradeCheck = 1340;
				TargetAttributes = {
					E4C2681A286BE0F9004193F2 = {
						CreatedOnToolsVersion = 13.4.1;
					};
					E4C26830286BE0FC004193F2 = {
						CreatedOnToolsVersion = 13.4.1;
						TestTargetID = E4C2681A286BE0F9004193F2;
					};
					E4C2683A286BE0FC004193F2 = {
						CreatedOnToolsVersion = 13.4.1;
						TestTargetID = E4C2681A286BE0F9004193F2;
					};
				};
			};
			buildConfigurationList = E4C26816286BE0F9004193F2 /* Build configuration list for PBXProject "Preview Video" */;
			compatibilityVersion = "Xcode 13.0";
			developmentRegion = en;
			hasScannedForEncodings = 0;
			knownRegions = (
				en,
				Base,
			);
			mainGroup = E4C26812286BE0F9004193F2;
			productRefGroup = E4C2681C286BE0F9004193F2 /* Products */;
			projectDirPath = "";
			projectRoot = "";
			targets = (
				E4C2681A286BE0F9004193F2 /* Preview Video */,
				E4C26830286BE0FC004193F2 /* Preview VideoTests */,
				E4C2683A286BE0FC004193F2 /* Preview VideoUITests */,
			);
		};
/* End PBXProject section */

/* Begin PBXResourcesBuildPhase section */
		E4C26819286BE0F9004193F2 /* Resources */ = {
			isa = PBXResourcesBuildPhase;
			buildActionMask = 2147483647;
			files = (
				E4C2682B286BE0FC004193F2 /* LaunchScreen.storyboard in Resources */,
				E4C2684F286BE56A004193F2 /* ViewController.xib in Resources */,
				E4C26828286BE0FC004193F2 /* Assets.xcassets in Resources */,
				E4C26853286BE736004193F2 /* PreviewVideoViewController.xib in Resources */,
			);
			runOnlyForDeploymentPostprocessing = 0;
		};
		E4C2682F286BE0FC004193F2 /* Resources */ = {
			isa = PBXResourcesBuildPhase;
			buildActionMask = 2147483647;
			files = (
			);
			runOnlyForDeploymentPostprocessing = 0;
		};
		E4C26839286BE0FC004193F2 /* Resources */ = {
			isa = PBXResourcesBuildPhase;
			buildActionMask = 2147483647;
			files = (
			);
			runOnlyForDeploymentPostprocessing = 0;
		};
/* End PBXResourcesBuildPhase section */

/* Begin PBXSourcesBuildPhase section */
		E4C26817286BE0F9004193F2 /* Sources */ = {
			isa = PBXSourcesBuildPhase;
			buildActionMask = 2147483647;
			files = (
				E4C26823286BE0F9004193F2 /* ViewController.swift in Sources */,
				E4C2681F286BE0F9004193F2 /* AppDelegate.swift in Sources */,
				E4C26857286C2D7D004193F2 /* UISliderExtension.swift in Sources */,
				E4C26855286BF3FA004193F2 /* PHAssetExtension.swift in Sources */,
				E4C26852286BE736004193F2 /* PreviewVideoViewController.swift in Sources */,
				E4C26821286BE0F9004193F2 /* SceneDelegate.swift in Sources */,
			);
			runOnlyForDeploymentPostprocessing = 0;
		};
		E4C2682D286BE0FC004193F2 /* Sources */ = {
			isa = PBXSourcesBuildPhase;
			buildActionMask = 2147483647;
			files = (
				E4C26836286BE0FC004193F2 /* Preview_VideoTests.swift in Sources */,
			);
			runOnlyForDeploymentPostprocessing = 0;
		};
		E4C26837286BE0FC004193F2 /* Sources */ = {
			isa = PBXSourcesBuildPhase;
			buildActionMask = 2147483647;
			files = (
				E4C26840286BE0FC004193F2 /* Preview_VideoUITests.swift in Sources */,
				E4C26842286BE0FC004193F2 /* Preview_VideoUITestsLaunchTests.swift in Sources */,
			);
			runOnlyForDeploymentPostprocessing = 0;
		};
/* End PBXSourcesBuildPhase section */

/* Begin PBXTargetDependency section */
		E4C26833286BE0FC004193F2 /* PBXTargetDependency */ = {
			isa = PBXTargetDependency;
			target = E4C2681A286BE0F9004193F2 /* Preview Video */;
			targetProxy = E4C26832286BE0FC004193F2 /* PBXContainerItemProxy */;
		};
		E4C2683D286BE0FC004193F2 /* PBXTargetDependency */ = {
			isa = PBXTargetDependency;
			target = E4C2681A286BE0F9004193F2 /* Preview Video */;
			targetProxy = E4C2683C286BE0FC004193F2 /* PBXContainerItemProxy */;
		};
/* End PBXTargetDependency section */

/* Begin PBXVariantGroup section */
		E4C26829286BE0FC004193F2 /* LaunchScreen.storyboard */ = {
			isa = PBXVariantGroup;
			children = (
				E4C2682A286BE0FC004193F2 /* Base */,
			);
			name = LaunchScreen.storyboard;
			sourceTree = "<group>";
		};
/* End PBXVariantGroup section */

/* Begin XCBuildConfiguration section */
		E4C26843286BE0FC004193F2 /* Debug */ = {
			isa = XCBuildConfiguration;
			buildSettings = {
				ALWAYS_SEARCH_USER_PATHS = NO;
				CLANG_ANALYZER_NONNULL = YES;
				CLANG_ANALYZER_NUMBER_OBJECT_CONVERSION = YES_AGGRESSIVE;
				CLANG_CXX_LANGUAGE_STANDARD = "gnu++17";
				CLANG_ENABLE_MODULES = YES;
				CLANG_ENABLE_OBJC_ARC = YES;
				CLANG_ENABLE_OBJC_WEAK = YES;
				CLANG_WARN_BLOCK_CAPTURE_AUTORELEASING = YES;
				CLANG_WARN_BOOL_CONVERSION = YES;
				CLANG_WARN_COMMA = YES;
				CLANG_WARN_CONSTANT_CONVERSION = YES;
				CLANG_WARN_DEPRECATED_OBJC_IMPLEMENTATIONS = YES;
				CLANG_WARN_DIRECT_OBJC_ISA_USAGE = YES_ERROR;
				CLANG_WARN_DOCUMENTATION_COMMENTS = YES;
				CLANG_WARN_EMPTY_BODY = YES;
				CLANG_WARN_ENUM_CONVERSION = YES;
				CLANG_WARN_INFINITE_RECURSION = YES;
				CLANG_WARN_INT_CONVERSION = YES;
				CLANG_WARN_NON_LITERAL_NULL_CONVERSION = YES;
				CLANG_WARN_OBJC_IMPLICIT_RETAIN_SELF = YES;
				CLANG_WARN_OBJC_LITERAL_CONVERSION = YES;
				CLANG_WARN_OBJC_ROOT_CLASS = YES_ERROR;
				CLANG_WARN_QUOTED_INCLUDE_IN_FRAMEWORK_HEADER = YES;
				CLANG_WARN_RANGE_LOOP_ANALYSIS = YES;
				CLANG_WARN_STRICT_PROTOTYPES = YES;
				CLANG_WARN_SUSPICIOUS_MOVE = YES;
				CLANG_WARN_UNGUARDED_AVAILABILITY = YES_AGGRESSIVE;
				CLANG_WARN_UNREACHABLE_CODE = YES;
				CLANG_WARN__DUPLICATE_METHOD_MATCH = YES;
				COPY_PHASE_STRIP = NO;
				DEBUG_INFORMATION_FORMAT = dwarf;
				ENABLE_STRICT_OBJC_MSGSEND = YES;
				ENABLE_TESTABILITY = YES;
				GCC_C_LANGUAGE_STANDARD = gnu11;
				GCC_DYNAMIC_NO_PIC = NO;
				GCC_NO_COMMON_BLOCKS = YES;
				GCC_OPTIMIZATION_LEVEL = 0;
				GCC_PREPROCESSOR_DEFINITIONS = (
					"DEBUG=1",
					"$(inherited)",
				);
				GCC_WARN_64_TO_32_BIT_CONVERSION = YES;
				GCC_WARN_ABOUT_RETURN_TYPE = YES_ERROR;
				GCC_WARN_UNDECLARED_SELECTOR = YES;
				GCC_WARN_UNINITIALIZED_AUTOS = YES_AGGRESSIVE;
				GCC_WARN_UNUSED_FUNCTION = YES;
				GCC_WARN_UNUSED_VARIABLE = YES;
				IPHONEOS_DEPLOYMENT_TARGET = 15.5;
				MTL_ENABLE_DEBUG_INFO = INCLUDE_SOURCE;
				MTL_FAST_MATH = YES;
				ONLY_ACTIVE_ARCH = YES;
				SDKROOT = iphoneos;
				SWIFT_ACTIVE_COMPILATION_CONDITIONS = DEBUG;
				SWIFT_OPTIMIZATION_LEVEL = "-Onone";
			};
			name = Debug;
		};
		E4C26844286BE0FC004193F2 /* Release */ = {
			isa = XCBuildConfiguration;
			buildSettings = {
				ALWAYS_SEARCH_USER_PATHS = NO;
				CLANG_ANALYZER_NONNULL = YES;
				CLANG_ANALYZER_NUMBER_OBJECT_CONVERSION = YES_AGGRESSIVE;
				CLANG_CXX_LANGUAGE_STANDARD = "gnu++17";
				CLANG_ENABLE_MODULES = YES;
				CLANG_ENABLE_OBJC_ARC = YES;
				CLANG_ENABLE_OBJC_WEAK = YES;
				CLANG_WARN_BLOCK_CAPTURE_AUTORELEASING = YES;
				CLANG_WARN_BOOL_CONVERSION = YES;
				CLANG_WARN_COMMA = YES;
				CLANG_WARN_CONSTANT_CONVERSION = YES;
				CLANG_WARN_DEPRECATED_OBJC_IMPLEMENTATIONS = YES;
				CLANG_WARN_DIRECT_OBJC_ISA_USAGE = YES_ERROR;
				CLANG_WARN_DOCUMENTATION_COMMENTS = YES;
				CLANG_WARN_EMPTY_BODY = YES;
				CLANG_WARN_ENUM_CONVERSION = YES;
				CLANG_WARN_INFINITE_RECURSION = YES;
				CLANG_WARN_INT_CONVERSION = YES;
				CLANG_WARN_NON_LITERAL_NULL_CONVERSION = YES;
				CLANG_WARN_OBJC_IMPLICIT_RETAIN_SELF = YES;
				CLANG_WARN_OBJC_LITERAL_CONVERSION = YES;
				CLANG_WARN_OBJC_ROOT_CLASS = YES_ERROR;
				CLANG_WARN_QUOTED_INCLUDE_IN_FRAMEWORK_HEADER = YES;
				CLANG_WARN_RANGE_LOOP_ANALYSIS = YES;
				CLANG_WARN_STRICT_PROTOTYPES = YES;
				CLANG_WARN_SUSPICIOUS_MOVE = YES;
				CLANG_WARN_UNGUARDED_AVAILABILITY = YES_AGGRESSIVE;
				CLANG_WARN_UNREACHABLE_CODE = YES;
				CLANG_WARN__DUPLICATE_METHOD_MATCH = YES;
				COPY_PHASE_STRIP = NO;
				DEBUG_INFORMATION_FORMAT = "dwarf-with-dsym";
				ENABLE_NS_ASSERTIONS = NO;
				ENABLE_STRICT_OBJC_MSGSEND = YES;
				GCC_C_LANGUAGE_STANDARD = gnu11;
				GCC_NO_COMMON_BLOCKS = YES;
				GCC_WARN_64_TO_32_BIT_CONVERSION = YES;
				GCC_WARN_ABOUT_RETURN_TYPE = YES_ERROR;
				GCC_WARN_UNDECLARED_SELECTOR = YES;
				GCC_WARN_UNINITIALIZED_AUTOS = YES_AGGRESSIVE;
				GCC_WARN_UNUSED_FUNCTION = YES;
				GCC_WARN_UNUSED_VARIABLE = YES;
				IPHONEOS_DEPLOYMENT_TARGET = 15.5;
				MTL_ENABLE_DEBUG_INFO = NO;
				MTL_FAST_MATH = YES;
				SDKROOT = iphoneos;
				SWIFT_COMPILATION_MODE = wholemodule;
				SWIFT_OPTIMIZATION_LEVEL = "-O";
				VALIDATE_PRODUCT = YES;
			};
			name = Release;
		};
		E4C26846286BE0FC004193F2 /* Debug */ = {
			isa = XCBuildConfiguration;
			buildSettings = {
				ASSETCATALOG_COMPILER_APPICON_NAME = AppIcon;
				ASSETCATALOG_COMPILER_GLOBAL_ACCENT_COLOR_NAME = AccentColor;
				CODE_SIGN_STYLE = Automatic;
				CURRENT_PROJECT_VERSION = 1;
				DEVELOPMENT_TEAM = PUYQHMK4MF;
				GENERATE_INFOPLIST_FILE = YES;
				INFOPLIST_FILE = "Preview Video/Info.plist";
				INFOPLIST_KEY_NSPhotoLibraryUsageDescription = "This application requires access to Photo Library to display Video";
				INFOPLIST_KEY_UIApplicationSupportsIndirectInputEvents = YES;
				INFOPLIST_KEY_UILaunchStoryboardName = LaunchScreen;
				INFOPLIST_KEY_UISupportedInterfaceOrientations_iPad = "UIInterfaceOrientationPortrait UIInterfaceOrientationPortraitUpsideDown UIInterfaceOrientationLandscapeLeft UIInterfaceOrientationLandscapeRight";
				INFOPLIST_KEY_UISupportedInterfaceOrientations_iPhone = "UIInterfaceOrientationPortrait UIInterfaceOrientationLandscapeLeft UIInterfaceOrientationLandscapeRight";
				LD_RUNPATH_SEARCH_PATHS = (
					"$(inherited)",
					"@executable_path/Frameworks",
				);
				MARKETING_VERSION = 1.0;
				PRODUCT_BUNDLE_IDENTIFIER = "com.mycompany.Preview-Video";
				PRODUCT_NAME = "$(TARGET_NAME)";
				SWIFT_EMIT_LOC_STRINGS = YES;
				SWIFT_VERSION = 5.0;
				TARGETED_DEVICE_FAMILY = "1,2";
			};
			name = Debug;
		};
		E4C26847286BE0FC004193F2 /* Release */ = {
			isa = XCBuildConfiguration;
			buildSettings = {
				ASSETCATALOG_COMPILER_APPICON_NAME = AppIcon;
				ASSETCATALOG_COMPILER_GLOBAL_ACCENT_COLOR_NAME = AccentColor;
				CODE_SIGN_STYLE = Automatic;
				CURRENT_PROJECT_VERSION = 1;
				DEVELOPMENT_TEAM = PUYQHMK4MF;
				GENERATE_INFOPLIST_FILE = YES;
				INFOPLIST_FILE = "Preview Video/Info.plist";
				INFOPLIST_KEY_NSPhotoLibraryUsageDescription = "This application requires access to Photo Library to display Video";
				INFOPLIST_KEY_UIApplicationSupportsIndirectInputEvents = YES;
				INFOPLIST_KEY_UILaunchStoryboardName = LaunchScreen;
				INFOPLIST_KEY_UISupportedInterfaceOrientations_iPad = "UIInterfaceOrientationPortrait UIInterfaceOrientationPortraitUpsideDown UIInterfaceOrientationLandscapeLeft UIInterfaceOrientationLandscapeRight";
				INFOPLIST_KEY_UISupportedInterfaceOrientations_iPhone = "UIInterfaceOrientationPortrait UIInterfaceOrientationLandscapeLeft UIInterfaceOrientationLandscapeRight";
				LD_RUNPATH_SEARCH_PATHS = (
					"$(inherited)",
					"@executable_path/Frameworks",
				);
				MARKETING_VERSION = 1.0;
				PRODUCT_BUNDLE_IDENTIFIER = "com.mycompany.Preview-Video";
				PRODUCT_NAME = "$(TARGET_NAME)";
				SWIFT_EMIT_LOC_STRINGS = YES;
				SWIFT_VERSION = 5.0;
				TARGETED_DEVICE_FAMILY = "1,2";
			};
			name = Release;
		};
		E4C26849286BE0FC004193F2 /* Debug */ = {
			isa = XCBuildConfiguration;
			buildSettings = {
				ALWAYS_EMBED_SWIFT_STANDARD_LIBRARIES = YES;
				BUNDLE_LOADER = "$(TEST_HOST)";
				CODE_SIGN_STYLE = Automatic;
				CURRENT_PROJECT_VERSION = 1;
				DEVELOPMENT_TEAM = PUYQHMK4MF;
				GENERATE_INFOPLIST_FILE = YES;
				IPHONEOS_DEPLOYMENT_TARGET = 15.5;
				MARKETING_VERSION = 1.0;
				PRODUCT_BUNDLE_IDENTIFIER = "com.mycompany.Preview-VideoTests";
				PRODUCT_NAME = "$(TARGET_NAME)";
				SWIFT_EMIT_LOC_STRINGS = NO;
				SWIFT_VERSION = 5.0;
				TARGETED_DEVICE_FAMILY = "1,2";
				TEST_HOST = "$(BUILT_PRODUCTS_DIR)/Preview Video.app/Preview Video";
			};
			name = Debug;
		};
		E4C2684A286BE0FC004193F2 /* Release */ = {
			isa = XCBuildConfiguration;
			buildSettings = {
				ALWAYS_EMBED_SWIFT_STANDARD_LIBRARIES = YES;
				BUNDLE_LOADER = "$(TEST_HOST)";
				CODE_SIGN_STYLE = Automatic;
				CURRENT_PROJECT_VERSION = 1;
				DEVELOPMENT_TEAM = PUYQHMK4MF;
				GENERATE_INFOPLIST_FILE = YES;
				IPHONEOS_DEPLOYMENT_TARGET = 15.5;
				MARKETING_VERSION = 1.0;
				PRODUCT_BUNDLE_IDENTIFIER = "com.mycompany.Preview-VideoTests";
				PRODUCT_NAME = "$(TARGET_NAME)";
				SWIFT_EMIT_LOC_STRINGS = NO;
				SWIFT_VERSION = 5.0;
				TARGETED_DEVICE_FAMILY = "1,2";
				TEST_HOST = "$(BUILT_PRODUCTS_DIR)/Preview Video.app/Preview Video";
			};
			name = Release;
		};
		E4C2684C286BE0FC004193F2 /* Debug */ = {
			isa = XCBuildConfiguration;
			buildSettings = {
				ALWAYS_EMBED_SWIFT_STANDARD_LIBRARIES = YES;
				CODE_SIGN_STYLE = Automatic;
				CURRENT_PROJECT_VERSION = 1;
				DEVELOPMENT_TEAM = PUYQHMK4MF;
				GENERATE_INFOPLIST_FILE = YES;
				MARKETING_VERSION = 1.0;
				PRODUCT_BUNDLE_IDENTIFIER = "com.mycompany.Preview-VideoUITests";
				PRODUCT_NAME = "$(TARGET_NAME)";
				SWIFT_EMIT_LOC_STRINGS = NO;
				SWIFT_VERSION = 5.0;
				TARGETED_DEVICE_FAMILY = "1,2";
				TEST_TARGET_NAME = "Preview Video";
			};
			name = Debug;
		};
		E4C2684D286BE0FC004193F2 /* Release */ = {
			isa = XCBuildConfiguration;
			buildSettings = {
				ALWAYS_EMBED_SWIFT_STANDARD_LIBRARIES = YES;
				CODE_SIGN_STYLE = Automatic;
				CURRENT_PROJECT_VERSION = 1;
				DEVELOPMENT_TEAM = PUYQHMK4MF;
				GENERATE_INFOPLIST_FILE = YES;
				MARKETING_VERSION = 1.0;
				PRODUCT_BUNDLE_IDENTIFIER = "com.mycompany.Preview-VideoUITests";
				PRODUCT_NAME = "$(TARGET_NAME)";
				SWIFT_EMIT_LOC_STRINGS = NO;
				SWIFT_VERSION = 5.0;
				TARGETED_DEVICE_FAMILY = "1,2";
				TEST_TARGET_NAME = "Preview Video";
			};
			name = Release;
		};
/* End XCBuildConfiguration section */

/* Begin XCConfigurationList section */
		E4C26816286BE0F9004193F2 /* Build configuration list for PBXProject "Preview Video" */ = {
			isa = XCConfigurationList;
			buildConfigurations = (
				E4C26843286BE0FC004193F2 /* Debug */,
				E4C26844286BE0FC004193F2 /* Release */,
			);
			defaultConfigurationIsVisible = 0;
			defaultConfigurationName = Release;
		};
		E4C26845286BE0FC004193F2 /* Build configuration list for PBXNativeTarget "Preview Video" */ = {
			isa = XCConfigurationList;
			buildConfigurations = (
				E4C26846286BE0FC004193F2 /* Debug */,
				E4C26847286BE0FC004193F2 /* Release */,
			);
			defaultConfigurationIsVisible = 0;
			defaultConfigurationName = Release;
		};
		E4C26848286BE0FC004193F2 /* Build configuration list for PBXNativeTarget "Preview VideoTests" */ = {
			isa = XCConfigurationList;
			buildConfigurations = (
				E4C26849286BE0FC004193F2 /* Debug */,
				E4C2684A286BE0FC004193F2 /* Release */,
			);
			defaultConfigurationIsVisible = 0;
			defaultConfigurationName = Release;
		};
		E4C2684B286BE0FC004193F2 /* Build configuration list for PBXNativeTarget "Preview VideoUITests" */ = {
			isa = XCConfigurationList;
			buildConfigurations = (
				E4C2684C286BE0FC004193F2 /* Debug */,
				E4C2684D286BE0FC004193F2 /* Release */,
			);
			defaultConfigurationIsVisible = 0;
			defaultConfigurationName = Release;
		};
/* End XCConfigurationList section */
	};
	rootObject = E4C26813286BE0F9004193F2 /* Project object */;
}
